PODS:
  - FacebookCore (0.9.0):
    - FBSDKCoreKit (~> 5.0)
  - FacebookShare (0.9.0):
    - FacebookCore (~> 0.9.0)
    - FBSDKCoreKit (~> 5.0)
    - FBSDKShareKit (~> 5.0)
  - FBSDKCoreKit (5.7.0):
    - FBSDKCoreKit/Basics (= 5.7.0)
    - FBSDKCoreKit/Core (= 5.7.0)
  - FBSDKCoreKit/Basics (5.7.0)
  - FBSDKCoreKit/Core (5.7.0):
    - FBSDKCoreKit/Basics
  - FBSDKLoginKit (5.7.0):
    - FBSDKLoginKit/Login (= 5.7.0)
  - FBSDKLoginKit/Login (5.7.0):
    - FBSDKCoreKit (~> 5.0)
  - FBSDKPlacesKit (5.3.0):
    - FBSDKCoreKit (~> 5.0)
  - FBSDKShareKit (5.7.0):
    - FBSDKShareKit/Share (= 5.7.0)
  - FBSDKShareKit/Share (5.7.0):
    - FBSDKCoreKit (~> 5.0)

DEPENDENCIES:
  - FacebookShare
  - FBSDKCoreKit
  - FBSDKLoginKit
  - FBSDKPlacesKit
  - FBSDKShareKit

SPEC REPOS:
  https://github.com/cocoapods/specs.git:
    - FacebookCore
    - FacebookShare
    - FBSDKCoreKit
    - FBSDKLoginKit
    - FBSDKPlacesKit
    - FBSDKShareKit

SPEC CHECKSUMS:
  FacebookCore: ba86524b66cfa86d0f8e65d08faa8504a9f732dd
  FacebookShare: 85968ad1b1606c4944fb154924e425fd29184ea5
  FBSDKCoreKit: 0d2d450fe9447e204fa6e912e0df76dd36693699
  FBSDKLoginKit: 4127e8260b96e0e4cc8ba0c10c95ee63941aa24a
  FBSDKPlacesKit: 0388766304ff7a89630bcc211db9f500d549f403
  FBSDKShareKit: 0dc4bd06e11eb2ad30d165132c6c879b8d449ae3

PODFILE CHECKSUM: 7719d687204821966a25a224a7d8d3e3fef30b87

COCOAPODS: 1.7.2
